// !$*UTF8*$!
{
	archiveVersion = 1;
	classes = {
	};
	objectVersion = 46;
	objects = {

/* Begin PBXBuildFile section */
		2E3922E0164D0F970028986B /* init.c in Sources */ = {isa = PBXBuildFile; fileRef = 2E3922DE164D0F970028986B /* init.c */; };
		2E63273E1680B599002A0CB5 /* tlv.c in Sources */ = {isa = PBXBuildFile; fileRef = 2E63273A1680B599002A0CB5 /* tlv.c */; };
		2E63273F1680B599002A0CB5 /* version.c in Sources */ = {isa = PBXBuildFile; fileRef = 2E63273C1680B599002A0CB5 /* version.c */; };
		2E6327451680B5A8002A0CB5 /* decrypt.c in Sources */ = {isa = PBXBuildFile; fileRef = 2E6327421680B5A8002A0CB5 /* decrypt.c */; };
		2E96E2D9164129B200C50460 /* error.c in Sources */ = {isa = PBXBuildFile; fileRef = 2E96E2D1164129B200C50460 /* error.c */; };
		2E96E2DB164129B200C50460 /* encrypt.c in Sources */ = {isa = PBXBuildFile; fileRef = 2E96E2D5164129B200C50460 /* encrypt.c */; };
		2EA92F60161DDC58008DFF9B /* Cocoa.framework in Frameworks */ = {isa = PBXBuildFile; fileRef = 2EA92F5F161DDC58008DFF9B /* Cocoa.framework */; };
		2EA92F6A161DDC58008DFF9B /* InfoPlist.strings in Resources */ = {isa = PBXBuildFile; fileRef = 2EA92F68161DDC58008DFF9B /* InfoPlist.strings */; };
		2EA92F6C161DDC58008DFF9B /* main.m in Sources */ = {isa = PBXBuildFile; fileRef = 2EA92F6B161DDC58008DFF9B /* main.m */; };
		2EA92F70161DDC58008DFF9B /* Credits.rtf in Resources */ = {isa = PBXBuildFile; fileRef = 2EA92F6E161DDC58008DFF9B /* Credits.rtf */; };
		2EA92F73161DDC58008DFF9B /* gui-cocoa.m in Sources */ = {isa = PBXBuildFile; fileRef = 2EA92F72161DDC58008DFF9B /* gui-cocoa.m */; };
		2EA92F76161DDC59008DFF9B /* Encrypt.xib in Resources */ = {isa = PBXBuildFile; fileRef = 2EA92F74161DDC59008DFF9B /* Encrypt.xib */; };
		2EA92F7F161DDCFE008DFF9B /* encrypt.icns in Resources */ = {isa = PBXBuildFile; fileRef = 2EA92F7E161DDCFE008DFF9B /* encrypt.icns */; };
		2EAD2143177C35AC0091EA3C /* fs.c in Sources */ = {isa = PBXBuildFile; fileRef = 2EAD2141177C35AC0091EA3C /* fs.c */; };
		2EBF1C70165674B20072AA5A /* Automator.framework in Frameworks */ = {isa = PBXBuildFile; fileRef = 2EBF1C6F165674B20072AA5A /* Automator.framework */; };
		AB386AD71A362A840011FB54 /* dir.c in Sources */ = {isa = PBXBuildFile; fileRef = AB386AD51A362A840011FB54 /* dir.c */; };
		AB730D911A34A92A00BA4DC8 /* libgcrypt.20.dylib in CopyFiles */ = {isa = PBXBuildFile; fileRef = AB730D8E1A34A92A00BA4DC8 /* libgcrypt.20.dylib */; };
		AB730D921A34A92A00BA4DC8 /* libgpg-error.0.dylib in CopyFiles */ = {isa = PBXBuildFile; fileRef = AB730D8F1A34A92A00BA4DC8 /* libgpg-error.0.dylib */; };
		AB730D931A34A92A00BA4DC8 /* liblzma.5.dylib in CopyFiles */ = {isa = PBXBuildFile; fileRef = AB730D901A34A92A00BA4DC8 /* liblzma.5.dylib */; };
		ABD3BA431A34A6DA00976011 /* libgcrypt.20.dylib in Frameworks */ = {isa = PBXBuildFile; fileRef = ABD3BA401A34A6DA00976011 /* libgcrypt.20.dylib */; };
		ABD3BA441A34A6DA00976011 /* libgpg-error.0.dylib in Frameworks */ = {isa = PBXBuildFile; fileRef = ABD3BA411A34A6DA00976011 /* libgpg-error.0.dylib */; };
		ABD3BA451A34A6DA00976011 /* liblzma.5.dylib in Frameworks */ = {isa = PBXBuildFile; fileRef = ABD3BA421A34A6DA00976011 /* liblzma.5.dylib */; };
		ABD3BA471A34A70100976011 /* libcurl.dylib in Frameworks */ = {isa = PBXBuildFile; fileRef = ABD3BA461A34A70100976011 /* libcurl.dylib */; };
		ABD7EC1C1A34A45E000DB1AE /* cli.c in Sources */ = {isa = PBXBuildFile; fileRef = ABD7EC1A1A34A45E000DB1AE /* cli.c */; };
		ABE79DA81979B4DC00857369 /* crypt_io.c in Sources */ = {isa = PBXBuildFile; fileRef = ABE79DA41979B4DC00857369 /* crypt_io.c */; };
		ABE79DA91979B4DC00857369 /* crypt.c in Sources */ = {isa = PBXBuildFile; fileRef = ABE79DA61979B4DC00857369 /* crypt.c */; };
		ABECEF151A362C42002BA1BA /* non-gnu.c in Sources */ = {isa = PBXBuildFile; fileRef = ABECEF131A362C42002BA1BA /* non-gnu.c */; };
/* End PBXBuildFile section */

/* Begin PBXCopyFilesBuildPhase section */
		2E76DE4B165A86BE000DD9DF /* CopyFiles */ = {
			isa = PBXCopyFilesBuildPhase;
			buildActionMask = 12;
			dstPath = "";
			dstSubfolderSpec = 10;
			files = (
				AB730D911A34A92A00BA4DC8 /* libgcrypt.20.dylib in CopyFiles */,
				AB730D921A34A92A00BA4DC8 /* libgpg-error.0.dylib in CopyFiles */,
				AB730D931A34A92A00BA4DC8 /* liblzma.5.dylib in CopyFiles */,
			);
			runOnlyForDeploymentPostprocessing = 0;
		};
/* End PBXCopyFilesBuildPhase section */

/* Begin PBXFileReference section */
		2E3922DE164D0F970028986B /* init.c */ = {isa = PBXFileReference; fileEncoding = 4; lastKnownFileType = sourcecode.c.c; path = init.c; sourceTree = "<group>"; };
		2E3922DF164D0F970028986B /* init.h */ = {isa = PBXFileReference; fileEncoding = 4; lastKnownFileType = sourcecode.c.h; path = init.h; sourceTree = "<group>"; };
		2E63273A1680B599002A0CB5 /* tlv.c */ = {isa = PBXFileReference; fileEncoding = 4; lastKnownFileType = sourcecode.c.c; path = tlv.c; sourceTree = "<group>"; };
		2E63273B1680B599002A0CB5 /* tlv.h */ = {isa = PBXFileReference; fileEncoding = 4; lastKnownFileType = sourcecode.c.h; path = tlv.h; sourceTree = "<group>"; };
		2E63273C1680B599002A0CB5 /* version.c */ = {isa = PBXFileReference; fileEncoding = 4; lastKnownFileType = sourcecode.c.c; path = version.c; sourceTree = "<group>"; };
		2E63273D1680B599002A0CB5 /* version.h */ = {isa = PBXFileReference; fileEncoding = 4; lastKnownFileType = sourcecode.c.h; path = version.h; sourceTree = "<group>"; };
		2E6327421680B5A8002A0CB5 /* decrypt.c */ = {isa = PBXFileReference; fileEncoding = 4; lastKnownFileType = sourcecode.c.c; path = decrypt.c; sourceTree = "<group>"; };
		2E6327431680B5A8002A0CB5 /* decrypt.h */ = {isa = PBXFileReference; fileEncoding = 4; lastKnownFileType = sourcecode.c.h; path = decrypt.h; sourceTree = "<group>"; };
		2E79E87C16831ED700F73B01 /* gui.h */ = {isa = PBXFileReference; fileEncoding = 4; lastKnownFileType = sourcecode.c.h; path = gui.h; sourceTree = "<group>"; };
		2E96E2D1164129B200C50460 /* error.c */ = {isa = PBXFileReference; fileEncoding = 4; lastKnownFileType = sourcecode.c.c; path = error.c; sourceTree = "<group>"; };
		2E96E2D5164129B200C50460 /* encrypt.c */ = {isa = PBXFileReference; fileEncoding = 4; lastKnownFileType = sourcecode.c.c; path = encrypt.c; sourceTree = "<group>"; };
		2E9BB30E1642CC1600FF52DB /* encrypt.h */ = {isa = PBXFileReference; fileEncoding = 4; lastKnownFileType = sourcecode.c.h; path = encrypt.h; sourceTree = "<group>"; };
		2E9BB3101642CC2700FF52DB /* common.h */ = {isa = PBXFileReference; fileEncoding = 4; lastKnownFileType = sourcecode.c.h; path = common.h; sourceTree = "<group>"; };
		2E9BB3111642CC2700FF52DB /* error.h */ = {isa = PBXFileReference; fileEncoding = 4; lastKnownFileType = sourcecode.c.h; path = error.h; sourceTree = "<group>"; };
		2EA92F5B161DDC58008DFF9B /* Encrypt.app */ = {isa = PBXFileReference; explicitFileType = wrapper.application; includeInIndex = 0; path = Encrypt.app; sourceTree = BUILT_PRODUCTS_DIR; };
		2EA92F5F161DDC58008DFF9B /* Cocoa.framework */ = {isa = PBXFileReference; lastKnownFileType = wrapper.framework; name = Cocoa.framework; path = System/Library/Frameworks/Cocoa.framework; sourceTree = SDKROOT; };
		2EA92F62161DDC58008DFF9B /* AppKit.framework */ = {isa = PBXFileReference; lastKnownFileType = wrapper.framework; name = AppKit.framework; path = System/Library/Frameworks/AppKit.framework; sourceTree = SDKROOT; };
		2EA92F63161DDC58008DFF9B /* CoreData.framework */ = {isa = PBXFileReference; lastKnownFileType = wrapper.framework; name = CoreData.framework; path = System/Library/Frameworks/CoreData.framework; sourceTree = SDKROOT; };
		2EA92F64161DDC58008DFF9B /* Foundation.framework */ = {isa = PBXFileReference; lastKnownFileType = wrapper.framework; name = Foundation.framework; path = System/Library/Frameworks/Foundation.framework; sourceTree = SDKROOT; };
		2EA92F67161DDC58008DFF9B /* Encrypt-Info.plist */ = {isa = PBXFileReference; lastKnownFileType = text.plist.xml; path = "Encrypt-Info.plist"; sourceTree = "<group>"; };
		2EA92F69161DDC58008DFF9B /* en */ = {isa = PBXFileReference; lastKnownFileType = text.plist.strings; name = en; path = en.lproj/InfoPlist.strings; sourceTree = "<group>"; };
		2EA92F6B161DDC58008DFF9B /* main.m */ = {isa = PBXFileReference; lastKnownFileType = sourcecode.c.objc; path = main.m; sourceTree = "<group>"; };
		2EA92F6F161DDC58008DFF9B /* en */ = {isa = PBXFileReference; lastKnownFileType = text.rtf; name = en; path = en.lproj/Credits.rtf; sourceTree = "<group>"; };
		2EA92F71161DDC58008DFF9B /* gui-cocoa.h */ = {isa = PBXFileReference; lastKnownFileType = sourcecode.c.h; path = "gui-cocoa.h"; sourceTree = "<group>"; };
		2EA92F72161DDC58008DFF9B /* gui-cocoa.m */ = {isa = PBXFileReference; lastKnownFileType = sourcecode.c.objc; path = "gui-cocoa.m"; sourceTree = "<group>"; };
		2EA92F75161DDC59008DFF9B /* en */ = {isa = PBXFileReference; lastKnownFileType = file.xib; name = en; path = en.lproj/Encrypt.xib; sourceTree = "<group>"; };
		2EA92F7E161DDCFE008DFF9B /* encrypt.icns */ = {isa = PBXFileReference; lastKnownFileType = image.icns; path = encrypt.icns; sourceTree = "<group>"; };
		2EA92F80161DDE94008DFF9B /* Encrypt.entitlements */ = {isa = PBXFileReference; lastKnownFileType = text.xml; path = Encrypt.entitlements; sourceTree = "<group>"; };
		2EAD2141177C35AC0091EA3C /* fs.c */ = {isa = PBXFileReference; fileEncoding = 4; lastKnownFileType = sourcecode.c.c; path = fs.c; sourceTree = "<group>"; };
		2EAD2142177C35AC0091EA3C /* fs.h */ = {isa = PBXFileReference; fileEncoding = 4; lastKnownFileType = sourcecode.c.h; path = fs.h; sourceTree = "<group>"; };
		2EBF1C6F165674B20072AA5A /* Automator.framework */ = {isa = PBXFileReference; lastKnownFileType = wrapper.framework; name = Automator.framework; path = System/Library/Frameworks/Automator.framework; sourceTree = SDKROOT; };
		AB386AD51A362A840011FB54 /* dir.c */ = {isa = PBXFileReference; fileEncoding = 4; lastKnownFileType = sourcecode.c.c; path = dir.c; sourceTree = "<group>"; };
		AB386AD61A362A840011FB54 /* dir.h */ = {isa = PBXFileReference; fileEncoding = 4; lastKnownFileType = sourcecode.c.h; path = dir.h; sourceTree = "<group>"; };
		AB730D8E1A34A92A00BA4DC8 /* libgcrypt.20.dylib */ = {isa = PBXFileReference; lastKnownFileType = "compiled.mach-o.dylib"; name = libgcrypt.20.dylib; path = ../../../../usr/local/Cellar/libgcrypt/1.6.2/lib/libgcrypt.20.dylib; sourceTree = "<group>"; };
		AB730D8F1A34A92A00BA4DC8 /* libgpg-error.0.dylib */ = {isa = PBXFileReference; lastKnownFileType = "compiled.mach-o.dylib"; name = "libgpg-error.0.dylib"; path = "../../../../usr/local/Cellar/libgpg-error/1.17/lib/libgpg-error.0.dylib"; sourceTree = "<group>"; };
		AB730D901A34A92A00BA4DC8 /* liblzma.5.dylib */ = {isa = PBXFileReference; lastKnownFileType = "compiled.mach-o.dylib"; name = liblzma.5.dylib; path = ../../../../usr/local/Cellar/xz/5.0.7/lib/liblzma.5.dylib; sourceTree = "<group>"; };
		ABD3BA401A34A6DA00976011 /* libgcrypt.20.dylib */ = {isa = PBXFileReference; lastKnownFileType = "compiled.mach-o.dylib"; name = libgcrypt.20.dylib; path = ../../../../usr/local/Cellar/libgcrypt/1.6.2/lib/libgcrypt.20.dylib; sourceTree = "<group>"; };
		ABD3BA411A34A6DA00976011 /* libgpg-error.0.dylib */ = {isa = PBXFileReference; lastKnownFileType = "compiled.mach-o.dylib"; name = "libgpg-error.0.dylib"; path = "../../../../usr/local/Cellar/libgpg-error/1.17/lib/libgpg-error.0.dylib"; sourceTree = "<group>"; };
		ABD3BA421A34A6DA00976011 /* liblzma.5.dylib */ = {isa = PBXFileReference; lastKnownFileType = "compiled.mach-o.dylib"; name = liblzma.5.dylib; path = ../../../../usr/local/Cellar/xz/5.0.7/lib/liblzma.5.dylib; sourceTree = "<group>"; };
		ABD3BA461A34A70100976011 /* libcurl.dylib */ = {isa = PBXFileReference; lastKnownFileType = "compiled.mach-o.dylib"; name = libcurl.dylib; path = usr/lib/libcurl.dylib; sourceTree = SDKROOT; };
		ABD7EC1A1A34A45E000DB1AE /* cli.c */ = {isa = PBXFileReference; fileEncoding = 4; lastKnownFileType = sourcecode.c.c; path = cli.c; sourceTree = "<group>"; };
		ABD7EC1B1A34A45E000DB1AE /* cli.h */ = {isa = PBXFileReference; fileEncoding = 4; lastKnownFileType = sourcecode.c.h; path = cli.h; sourceTree = "<group>"; };
		ABE79DA41979B4DC00857369 /* crypt_io.c */ = {isa = PBXFileReference; fileEncoding = 4; lastKnownFileType = sourcecode.c.c; path = crypt_io.c; sourceTree = "<group>"; };
		ABE79DA51979B4DC00857369 /* crypt_io.h */ = {isa = PBXFileReference; fileEncoding = 4; lastKnownFileType = sourcecode.c.h; path = crypt_io.h; sourceTree = "<group>"; };
		ABE79DA61979B4DC00857369 /* crypt.c */ = {isa = PBXFileReference; fileEncoding = 4; lastKnownFileType = sourcecode.c.c; path = crypt.c; sourceTree = "<group>"; };
		ABE79DA71979B4DC00857369 /* crypt.h */ = {isa = PBXFileReference; fileEncoding = 4; lastKnownFileType = sourcecode.c.h; path = crypt.h; sourceTree = "<group>"; };
		ABECEF131A362C42002BA1BA /* non-gnu.c */ = {isa = PBXFileReference; fileEncoding = 4; lastKnownFileType = sourcecode.c.c; path = "non-gnu.c"; sourceTree = "<group>"; };
		ABECEF141A362C42002BA1BA /* non-gnu.h */ = {isa = PBXFileReference; fileEncoding = 4; lastKnownFileType = sourcecode.c.h; path = "non-gnu.h"; sourceTree = "<group>"; };
/* End PBXFileReference section */

/* Begin PBXFrameworksBuildPhase section */
		2EA92F58161DDC58008DFF9B /* Frameworks */ = {
			isa = PBXFrameworksBuildPhase;
			buildActionMask = 2147483647;
			files = (
				ABD3BA471A34A70100976011 /* libcurl.dylib in Frameworks */,
				ABD3BA431A34A6DA00976011 /* libgcrypt.20.dylib in Frameworks */,
				ABD3BA441A34A6DA00976011 /* libgpg-error.0.dylib in Frameworks */,
				ABD3BA451A34A6DA00976011 /* liblzma.5.dylib in Frameworks */,
				2EA92F60161DDC58008DFF9B /* Cocoa.framework in Frameworks */,
				2EBF1C70165674B20072AA5A /* Automator.framework in Frameworks */,
			);
			runOnlyForDeploymentPostprocessing = 0;
		};
/* End PBXFrameworksBuildPhase section */

/* Begin PBXGroup section */
		2E9BB3081642C47C00FF52DB /* pixmaps */ = {
			isa = PBXGroup;
			children = (
				2EA92F7E161DDCFE008DFF9B /* encrypt.icns */,
			);
			path = pixmaps;
			sourceTree = "<group>";
		};
		2E9BB30C1642C62A00FF52DB /* po */ = {
			isa = PBXGroup;
			children = (
				2EA92F74161DDC59008DFF9B /* Encrypt.xib */,
				2EA92F68161DDC58008DFF9B /* InfoPlist.strings */,
				2EA92F6E161DDC58008DFF9B /* Credits.rtf */,
			);
			path = po;
			sourceTree = "<group>";
		};
		2EA92F50161DDC58008DFF9B = {
			isa = PBXGroup;
			children = (
				AB730D8E1A34A92A00BA4DC8 /* libgcrypt.20.dylib */,
				AB730D8F1A34A92A00BA4DC8 /* libgpg-error.0.dylib */,
				AB730D901A34A92A00BA4DC8 /* liblzma.5.dylib */,
				ABD3BA461A34A70100976011 /* libcurl.dylib */,
				ABD3BA401A34A6DA00976011 /* libgcrypt.20.dylib */,
				ABD3BA411A34A6DA00976011 /* libgpg-error.0.dylib */,
				ABD3BA421A34A6DA00976011 /* liblzma.5.dylib */,
				2EA92F67161DDC58008DFF9B /* Encrypt-Info.plist */,
				2EA92F80161DDE94008DFF9B /* Encrypt.entitlements */,
				2E9BB30C1642C62A00FF52DB /* po */,
				2E9BB3081642C47C00FF52DB /* pixmaps */,
				2EA92F65161DDC58008DFF9B /* src */,
				2EA92F5E161DDC58008DFF9B /* libs */,
				2EA92F5C161DDC58008DFF9B /* Products */,
			);
			sourceTree = "<group>";
		};
		2EA92F5C161DDC58008DFF9B /* Products */ = {
			isa = PBXGroup;
			children = (
				2EA92F5B161DDC58008DFF9B /* Encrypt.app */,
			);
			name = Products;
			sourceTree = "<group>";
		};
		2EA92F5E161DDC58008DFF9B /* libs */ = {
			isa = PBXGroup;
			children = (
				2EBF1C6F165674B20072AA5A /* Automator.framework */,
				2EA92F5F161DDC58008DFF9B /* Cocoa.framework */,
				2EA92F61161DDC58008DFF9B /* Other Frameworks */,
			);
			path = libs;
			sourceTree = "<group>";
		};
		2EA92F61161DDC58008DFF9B /* Other Frameworks */ = {
			isa = PBXGroup;
			children = (
				2EA92F62161DDC58008DFF9B /* AppKit.framework */,
				2EA92F63161DDC58008DFF9B /* CoreData.framework */,
				2EA92F64161DDC58008DFF9B /* Foundation.framework */,
			);
			name = "Other Frameworks";
			sourceTree = "<group>";
		};
		2EA92F65161DDC58008DFF9B /* src */ = {
			isa = PBXGroup;
			children = (
				ABE79DA41979B4DC00857369 /* crypt_io.c */,
				ABE79DA51979B4DC00857369 /* crypt_io.h */,
				ABE79DA61979B4DC00857369 /* crypt.c */,
				ABE79DA71979B4DC00857369 /* crypt.h */,
				2E79E87C16831ED700F73B01 /* gui.h */,
				2E6327421680B5A8002A0CB5 /* decrypt.c */,
				2E6327431680B5A8002A0CB5 /* decrypt.h */,
				2E3922DE164D0F970028986B /* init.c */,
				2E3922DF164D0F970028986B /* init.h */,
				2EA92F71161DDC58008DFF9B /* gui-cocoa.h */,
				2EA92F72161DDC58008DFF9B /* gui-cocoa.m */,
				2E96E2D5164129B200C50460 /* encrypt.c */,
				2E9BB30E1642CC1600FF52DB /* encrypt.h */,
				2EA92F6B161DDC58008DFF9B /* main.m */,
				2EA92F66161DDC58008DFF9B /* common */,
			);
			path = src;
			sourceTree = "<group>";
		};
		2EA92F66161DDC58008DFF9B /* common */ = {
			isa = PBXGroup;
			children = (
				ABECEF131A362C42002BA1BA /* non-gnu.c */,
				ABECEF141A362C42002BA1BA /* non-gnu.h */,
				AB386AD51A362A840011FB54 /* dir.c */,
				AB386AD61A362A840011FB54 /* dir.h */,
				ABD7EC1A1A34A45E000DB1AE /* cli.c */,
				ABD7EC1B1A34A45E000DB1AE /* cli.h */,
				2EAD2141177C35AC0091EA3C /* fs.c */,
				2EAD2142177C35AC0091EA3C /* fs.h */,
				2E63273A1680B599002A0CB5 /* tlv.c */,
				2E63273B1680B599002A0CB5 /* tlv.h */,
				2E63273C1680B599002A0CB5 /* version.c */,
				2E63273D1680B599002A0CB5 /* version.h */,
				2E9BB3101642CC2700FF52DB /* common.h */,
				2E96E2D1164129B200C50460 /* error.c */,
				2E9BB3111642CC2700FF52DB /* error.h */,
			);
			path = common;
			sourceTree = "<group>";
		};
/* End PBXGroup section */

/* Begin PBXNativeTarget section */
		2EA92F5A161DDC58008DFF9B /* Encrypt */ = {
			isa = PBXNativeTarget;
			buildConfigurationList = 2EA92F79161DDC59008DFF9B /* Build configuration list for PBXNativeTarget "Encrypt" */;
			buildPhases = (
				2EA92F57161DDC58008DFF9B /* Sources */,
				2EA92F58161DDC58008DFF9B /* Frameworks */,
				2EA92F59161DDC58008DFF9B /* Resources */,
				2E76DE4B165A86BE000DD9DF /* CopyFiles */,
				AB002595192142B0008BB9DD /* ShellScript */,
			);
			buildRules = (
			);
			dependencies = (
			);
			name = Encrypt;
			productName = Encrypt;
			productReference = 2EA92F5B161DDC58008DFF9B /* Encrypt.app */;
			productType = "com.apple.product-type.application";
		};
/* End PBXNativeTarget section */

/* Begin PBXProject section */
		2EA92F52161DDC58008DFF9B /* Project object */ = {
			isa = PBXProject;
			attributes = {
				CLASSPREFIX = net.albinoloverats;
				LastUpgradeCheck = 0500;
				ORGANIZATIONNAME = "albinoloverats ~ Software Development";
			};
			buildConfigurationList = 2EA92F55161DDC58008DFF9B /* Build configuration list for PBXProject "Encrypt" */;
			compatibilityVersion = "Xcode 3.2";
			developmentRegion = English;
			hasScannedForEncodings = 0;
			knownRegions = (
				en,
			);
			mainGroup = 2EA92F50161DDC58008DFF9B;
			productRefGroup = 2EA92F5C161DDC58008DFF9B /* Products */;
			projectDirPath = "";
			projectRoot = "";
			targets = (
				2EA92F5A161DDC58008DFF9B /* Encrypt */,
			);
		};
/* End PBXProject section */

/* Begin PBXResourcesBuildPhase section */
		2EA92F59161DDC58008DFF9B /* Resources */ = {
			isa = PBXResourcesBuildPhase;
			buildActionMask = 2147483647;
			files = (
				2EA92F6A161DDC58008DFF9B /* InfoPlist.strings in Resources */,
				2EA92F70161DDC58008DFF9B /* Credits.rtf in Resources */,
				2EA92F76161DDC59008DFF9B /* Encrypt.xib in Resources */,
				2EA92F7F161DDCFE008DFF9B /* encrypt.icns in Resources */,
			);
			runOnlyForDeploymentPostprocessing = 0;
		};
/* End PBXResourcesBuildPhase section */

/* Begin PBXShellScriptBuildPhase section */
		AB002595192142B0008BB9DD /* ShellScript */ = {
			isa = PBXShellScriptBuildPhase;
			buildActionMask = 2147483647;
			files = (
			);
			inputPaths = (
			);
			outputPaths = (
			);
			runOnlyForDeploymentPostprocessing = 0;
			shellPath = /bin/sh;
			shellScript = "#!/bin/sh\n\n#install_name_tool -id @executable_path/../Frameworks/libcurl.4.dylib      ${BUILT_PRODUCTS_DIR}/Encrypt.app/Contents/Frameworks/libcurl.4.dylib\ninstall_name_tool -id @executable_path/../Frameworks/liblzma.5.dylib      ${BUILT_PRODUCTS_DIR}/Encrypt.app/Contents/Frameworks/liblzma.5.dylib\ninstall_name_tool -id @executable_path/../Frameworks/libgcrypt.20.dylib   ${BUILT_PRODUCTS_DIR}/Encrypt.app/Contents/Frameworks/libgcrypt.20.dylib\ninstall_name_tool -id @executable_path/../Frameworks/libgpg-error.0.dylib ${BUILT_PRODUCTS_DIR}/Encrypt.app/Contents/Frameworks/libgpg-error.0.dylib\n\n#chmod 755 ${BUILT_PRODUCTS_DIR}/Encrypt.app/Contents/Frameworks/libcurl.4.dylib\nchmod 755 ${BUILT_PRODUCTS_DIR}/Encrypt.app/Contents/Frameworks/liblzma.5.dylib\nchmod 755 ${BUILT_PRODUCTS_DIR}/Encrypt.app/Contents/Frameworks/libgcrypt.20.dylib\nchmod 755 ${BUILT_PRODUCTS_DIR}/Encrypt.app/Contents/Frameworks/libgpg-error.0.dylib\n\n#install_name_tool -change /usr/local/opt/curl/lib/libcurl.4.dylib @executable_path/../Frameworks/libcurl.4.dylib      ${BUILT_PRODUCTS_DIR}/Encrypt.app/Contents/MacOS/Encrypt\ninstall_name_tool -change /usr/local/lib/liblzma.5.dylib          @executable_path/../Frameworks/liblzma.5.dylib      ${BUILT_PRODUCTS_DIR}/Encrypt.app/Contents/MacOS/Encrypt\ninstall_name_tool -change /usr/local/lib/libgcrypt.20.dylib       @executable_path/../Frameworks/libgcrypt.20.dylib   ${BUILT_PRODUCTS_DIR}/Encrypt.app/Contents/MacOS/Encrypt\ninstall_name_tool -change /usr/local/lib/libgpg-error.0.dylib     @executable_path/../Frameworks/libgpg-error.0.dylib ${BUILT_PRODUCTS_DIR}/Encrypt.app/Contents/MacOS/Encrypt\ninstall_name_tool -change /usr/local/lib/libgpg-error.0.dylib     @executable_path/../Frameworks/libgpg-error.0.dylib ${BUILT_PRODUCTS_DIR}/Encrypt.app/Contents/Frameworks/libgcrypt.20.dylib";
		};
/* End PBXShellScriptBuildPhase section */

/* Begin PBXSourcesBuildPhase section */
		2EA92F57161DDC58008DFF9B /* Sources */ = {
			isa = PBXSourcesBuildPhase;
			buildActionMask = 2147483647;
			files = (
				2EA92F6C161DDC58008DFF9B /* main.m in Sources */,
				2EA92F73161DDC58008DFF9B /* gui-cocoa.m in Sources */,
				ABECEF151A362C42002BA1BA /* non-gnu.c in Sources */,
				2E96E2D9164129B200C50460 /* error.c in Sources */,
				2E96E2DB164129B200C50460 /* encrypt.c in Sources */,
				2E3922E0164D0F970028986B /* init.c in Sources */,
				2E63273E1680B599002A0CB5 /* tlv.c in Sources */,
				ABD7EC1C1A34A45E000DB1AE /* cli.c in Sources */,
				ABE79DA91979B4DC00857369 /* crypt.c in Sources */,
				2E63273F1680B599002A0CB5 /* version.c in Sources */,
				2E6327451680B5A8002A0CB5 /* decrypt.c in Sources */,
				2EAD2143177C35AC0091EA3C /* fs.c in Sources */,
				ABE79DA81979B4DC00857369 /* crypt_io.c in Sources */,
				AB386AD71A362A840011FB54 /* dir.c in Sources */,
			);
			runOnlyForDeploymentPostprocessing = 0;
		};
/* End PBXSourcesBuildPhase section */

/* Begin PBXVariantGroup section */
		2EA92F68161DDC58008DFF9B /* InfoPlist.strings */ = {
			isa = PBXVariantGroup;
			children = (
				2EA92F69161DDC58008DFF9B /* en */,
			);
			name = InfoPlist.strings;
			sourceTree = "<group>";
		};
		2EA92F6E161DDC58008DFF9B /* Credits.rtf */ = {
			isa = PBXVariantGroup;
			children = (
				2EA92F6F161DDC58008DFF9B /* en */,
			);
			name = Credits.rtf;
			sourceTree = "<group>";
		};
		2EA92F74161DDC59008DFF9B /* Encrypt.xib */ = {
			isa = PBXVariantGroup;
			children = (
				2EA92F75161DDC59008DFF9B /* en */,
			);
			name = Encrypt.xib;
			sourceTree = "<group>";
		};
/* End PBXVariantGroup section */

/* Begin XCBuildConfiguration section */
		2EA92F77161DDC59008DFF9B /* Debug */ = {
			isa = XCBuildConfiguration;
			buildSettings = {
				ALWAYS_SEARCH_USER_PATHS = NO;
				CLANG_CXX_LANGUAGE_STANDARD = "gnu++0x";
				CLANG_CXX_LIBRARY = "libstdc++";
				CLANG_ENABLE_OBJC_ARC = YES;
				CLANG_WARN_EMPTY_BODY = YES;
				CLANG_WARN__DUPLICATE_METHOD_MATCH = YES;
				COPY_PHASE_STRIP = NO;
				CURRENT_PROJECT_VERSION = 2015.01;
				DEBUG_INFORMATION_FORMAT = dwarf;
				GCC_C_LANGUAGE_STANDARD = gnu99;
				GCC_DYNAMIC_NO_PIC = NO;
				GCC_ENABLE_OBJC_EXCEPTIONS = YES;
				GCC_OPTIMIZATION_LEVEL = 0;
				GCC_PREPROCESSOR_DEFINITIONS = (
					"_FILE_OFFSET_BITS=64",
					_GCRYPT_IN_LIBGCRYPT,
					_LARGE_FILES,
					"LOG_DEFAULT=LOG_WARNING",
				);
				GCC_SYMBOLS_PRIVATE_EXTERN = NO;
				GCC_WARN_64_TO_32_BIT_CONVERSION = YES;
				GCC_WARN_ABOUT_RETURN_TYPE = YES;
				GCC_WARN_UNINITIALIZED_AUTOS = YES;
				GCC_WARN_UNUSED_VARIABLE = YES;
				HEADER_SEARCH_PATHS = /usr/local/include;
				INFOPLIST_FILE = "Encrypt-Info.plist";
				LIBRARY_SEARCH_PATHS = libs;
				MACOSX_DEPLOYMENT_TARGET = 10.9;
				ONLY_ACTIVE_ARCH = YES;
				SDKROOT = macosx;
				STRINGS_FILE_OUTPUT_ENCODING = "UTF-8";
				VALID_ARCHS = x86_64;
			};
			name = Debug;
		};
		2EA92F78161DDC59008DFF9B /* Release */ = {
			isa = XCBuildConfiguration;
			buildSettings = {
				ALWAYS_SEARCH_USER_PATHS = NO;
				CLANG_CXX_LANGUAGE_STANDARD = "gnu++0x";
				CLANG_CXX_LIBRARY = "libstdc++";
				CLANG_ENABLE_OBJC_ARC = YES;
				CLANG_WARN_EMPTY_BODY = YES;
				CLANG_WARN__DUPLICATE_METHOD_MATCH = YES;
				COPY_PHASE_STRIP = YES;
				CURRENT_PROJECT_VERSION = 2015.01;
				DEBUG_INFORMATION_FORMAT = dwarf;
				GCC_C_LANGUAGE_STANDARD = gnu99;
				GCC_ENABLE_OBJC_EXCEPTIONS = YES;
				GCC_OPTIMIZATION_LEVEL = 2;
				GCC_PREPROCESSOR_DEFINITIONS = (
					"_FILE_OFFSET_BITS=64",
					_GCRYPT_IN_LIBGCRYPT,
					_LARGE_FILES,
					"LOG_DEFAULT=LOG_WARNING",
				);
				GCC_WARN_64_TO_32_BIT_CONVERSION = YES;
				GCC_WARN_ABOUT_RETURN_TYPE = YES;
				GCC_WARN_UNINITIALIZED_AUTOS = YES;
				GCC_WARN_UNUSED_VARIABLE = YES;
				HEADER_SEARCH_PATHS = /usr/local/include;
				INFOPLIST_FILE = "Encrypt-Info.plist";
				LIBRARY_SEARCH_PATHS = libs;
				MACOSX_DEPLOYMENT_TARGET = 10.9;
				ONLY_ACTIVE_ARCH = YES;
				SDKROOT = macosx;
				STRINGS_FILE_OUTPUT_ENCODING = "UTF-8";
				VALID_ARCHS = x86_64;
			};
			name = Release;
		};
		2EA92F7A161DDC59008DFF9B /* Debug */ = {
			isa = XCBuildConfiguration;
			buildSettings = {
				COMBINE_HIDPI_IMAGES = YES;
				CURRENT_PROJECT_VERSION = 2015.01;
				GCC_C_LANGUAGE_STANDARD = gnu99;
				GCC_PRECOMPILE_PREFIX_HEADER = NO;
				GCC_PREFIX_HEADER = "";
				HEADER_SEARCH_PATHS = /usr/local/include;
				INFOPLIST_FILE = "Encrypt-Info.plist";
				LIBRARY_SEARCH_PATHS = (
					"$(inherited)",
					/usr/local/lib,
					/usr/local/Cellar/libgcrypt/1.6.2/lib,
					"/usr/local/Cellar/libgpg-error/1.17/lib",
					/usr/local/Cellar/xz/5.0.7/lib,
					/usr/local/Cellar/libgcrypt/1.6.2/lib,
					"/usr/local/Cellar/libgpg-error/1.17/lib",
					/usr/local/Cellar/xz/5.0.7/lib,
				);
				MACOSX_DEPLOYMENT_TARGET = 10.9;
				PRODUCT_NAME = "$(TARGET_NAME)";
				SDKROOT = macosx;
				STRINGS_FILE_OUTPUT_ENCODING = binary;
				WRAPPER_EXTENSION = app;
			};
			name = Debug;
		};
		2EA92F7B161DDC59008DFF9B /* Release */ = {
			isa = XCBuildConfiguration;
			buildSettings = {
				COMBINE_HIDPI_IMAGES = YES;
				CURRENT_PROJECT_VERSION = 2015.01;
				GCC_C_LANGUAGE_STANDARD = gnu99;
				GCC_OPTIMIZATION_LEVEL = 2;
				GCC_PRECOMPILE_PREFIX_HEADER = NO;
				GCC_PREFIX_HEADER = "";
				HEADER_SEARCH_PATHS = /usr/local/include;
				INFOPLIST_FILE = "Encrypt-Info.plist";
				LIBRARY_SEARCH_PATHS = (
					"$(inherited)",
					/usr/local/lib,
					/usr/local/Cellar/libgcrypt/1.6.2/lib,
					"/usr/local/Cellar/libgpg-error/1.17/lib",
					/usr/local/Cellar/xz/5.0.7/lib,
					/usr/local/Cellar/libgcrypt/1.6.2/lib,
					"/usr/local/Cellar/libgpg-error/1.17/lib",
					/usr/local/Cellar/xz/5.0.7/lib,
				);
				MACOSX_DEPLOYMENT_TARGET = 10.9;
				ONLY_ACTIVE_ARCH = YES;
				PRODUCT_NAME = "$(TARGET_NAME)";
				SDKROOT = macosx;
				STRINGS_FILE_OUTPUT_ENCODING = binary;
				WRAPPER_EXTENSION = app;
			};
			name = Release;
		};
/* End XCBuildConfiguration section */

/* Begin XCConfigurationList section */
		2EA92F55161DDC58008DFF9B /* Build configuration list for PBXProject "Encrypt" */ = {
			isa = XCConfigurationList;
			buildConfigurations = (
				2EA92F77161DDC59008DFF9B /* Debug */,
				2EA92F78161DDC59008DFF9B /* Release */,
			);
			defaultConfigurationIsVisible = 0;
			defaultConfigurationName = Release;
		};
		2EA92F79161DDC59008DFF9B /* Build configuration list for PBXNativeTarget "Encrypt" */ = {
			isa = XCConfigurationList;
			buildConfigurations = (
				2EA92F7A161DDC59008DFF9B /* Debug */,
				2EA92F7B161DDC59008DFF9B /* Release */,
			);
			defaultConfigurationIsVisible = 0;
			defaultConfigurationName = Release;
		};
/* End XCConfigurationList section */
	};
	rootObject = 2EA92F52161DDC58008DFF9B /* Project object */;
}
